// !$*UTF8*$!
{
	archiveVersion = 1;
	classes = {
	};
	objectVersion = 46;
	objects = {

/* Begin PBXBuildFile section */
		840E83DB1AE2A32C0071FDFC /* main.cpp in Sources */ = {isa = PBXBuildFile; fileRef = 840E83DA1AE2A32C0071FDFC /* main.cpp */; };
/* End PBXBuildFile section */

/* Begin PBXCopyFilesBuildPhase section */
		840E83D51AE2A32C0071FDFC /* CopyFiles */ = {
			isa = PBXCopyFilesBuildPhase;
			buildActionMask = 2147483647;
			dstPath = /usr/share/man/man1/;
			dstSubfolderSpec = 0;
			files = (
			);
			runOnlyForDeploymentPostprocessing = 1;
		};
/* End PBXCopyFilesBuildPhase section */

/* Begin PBXFileReference section */
		840E83D71AE2A32C0071FDFC /* CG&V_LAB Draughts */ = {isa = PBXFileReference; explicitFileType = "compiled.mach-o.executable"; includeInIndex = 0; path = "CG&V_LAB Draughts"; sourceTree = BUILT_PRODUCTS_DIR; };
		840E83DA1AE2A32C0071FDFC /* main.cpp */ = {isa = PBXFileReference; lastKnownFileType = sourcecode.cpp.cpp; path = main.cpp; sourceTree = "<group>"; };
/* End PBXFileReference section */

/* Begin PBXFrameworksBuildPhase section */
		840E83D41AE2A32C0071FDFC /* Frameworks */ = {
			isa = PBXFrameworksBuildPhase;
			buildActionMask = 2147483647;
			files = (
			);
			runOnlyForDeploymentPostprocessing = 0;
		};
/* End PBXFrameworksBuildPhase section */

/* Begin PBXGroup section */
		840E83CE1AE2A32C0071FDFC = {
			isa = PBXGroup;
			children = (
				840E83D91AE2A32C0071FDFC /* CG&V_LAB Draughts */,
				840E83D81AE2A32C0071FDFC /* Products */,
			);
			sourceTree = "<group>";
		};
		840E83D81AE2A32C0071FDFC /* Products */ = {
			isa = PBXGroup;
			children = (
				840E83D71AE2A32C0071FDFC /* CG&V_LAB Draughts */,
			);
			name = Products;
			sourceTree = "<group>";
		};
		840E83D91AE2A32C0071FDFC /* CG&V_LAB Draughts */ = {
			isa = PBXGroup;
			children = (
				840E83DA1AE2A32C0071FDFC /* main.cpp */,
			);
			path = "CG&V_LAB Draughts";
			sourceTree = "<group>";
		};
/* End PBXGroup section */

/* Begin PBXNativeTarget section */
		840E83D61AE2A32C0071FDFC /* CG&V_LAB Draughts */ = {
			isa = PBXNativeTarget;
			buildConfigurationList = 840E83DE1AE2A32C0071FDFC /* Build configuration list for PBXNativeTarget "CG&V_LAB Draughts" */;
			buildPhases = (
				840E83D31AE2A32C0071FDFC /* Sources */,
				840E83D41AE2A32C0071FDFC /* Frameworks */,
				840E83D51AE2A32C0071FDFC /* CopyFiles */,
			);
			buildRules = (
			);
			dependencies = (
			);
			name = "CG&V_LAB Draughts";
			productName = "CG&V_LAB Draughts";
			productReference = 840E83D71AE2A32C0071FDFC /* CG&V_LAB Draughts */;
			productType = "com.apple.product-type.tool";
		};
/* End PBXNativeTarget section */

/* Begin PBXProject section */
		840E83CF1AE2A32C0071FDFC /* Project object */ = {
			isa = PBXProject;
			attributes = {
				LastUpgradeCheck = 0620;
				ORGANIZATIONNAME = "Sahil Satishkumar";
				TargetAttributes = {
					840E83D61AE2A32C0071FDFC = {
						CreatedOnToolsVersion = 6.2;
					};
				};
			};
			buildConfigurationList = 840E83D21AE2A32C0071FDFC /* Build configuration list for PBXProject "CG&V_LAB Draughts" */;
			compatibilityVersion = "Xcode 3.2";
			developmentRegion = English;
			hasScannedForEncodings = 0;
			knownRegions = (
				en,
			);
			mainGroup = 840E83CE1AE2A32C0071FDFC;
			productRefGroup = 840E83D81AE2A32C0071FDFC /* Products */;
			projectDirPath = "";
			projectRoot = "";
			targets = (
				840E83D61AE2A32C0071FDFC /* CG&V_LAB Draughts */,
			);
		};
/* End PBXProject section */

/* Begin PBXSourcesBuildPhase section */
		840E83D31AE2A32C0071FDFC /* Sources */ = {
			isa = PBXSourcesBuildPhase;
			buildActionMask = 2147483647;
			files = (
				840E83DB1AE2A32C0071FDFC /* main.cpp in Sources */,
			);
			runOnlyForDeploymentPostprocessing = 0;
		};
/* End PBXSourcesBuildPhase section */

/* Begin XCBuildConfiguration section */
		840E83DC1AE2A32C0071FDFC /* Debug */ = {
			isa = XCBuildConfiguration;
			buildSettings = {
				ALWAYS_SEARCH_USER_PATHS = NO;
				CLANG_CXX_LANGUAGE_STANDARD = "gnu++0x";
				CLANG_CXX_LIBRARY = "libc++";
				CLANG_ENABLE_MODULES = YES;
				CLANG_ENABLE_OBJC_ARC = YES;
				CLANG_WARN_BOOL_CONVERSION = YES;
				CLANG_WARN_CONSTANT_CONVERSION = YES;
				CLANG_WARN_DIRECT_OBJC_ISA_USAGE = YES_ERROR;
				CLANG_WARN_EMPTY_BODY = YES;
				CLANG_WARN_ENUM_CONVERSION = YES;
				CLANG_WARN_INT_CONVERSION = YES;
				CLANG_WARN_OBJC_ROOT_CLASS = YES_ERROR;
				CLANG_WARN_UNREACHABLE_CODE = YES;
				CLANG_WARN__DUPLICATE_METHOD_MATCH = YES;
				COPY_PHASE_STRIP = NO;
				ENABLE_STRICT_OBJC_MSGSEND = YES;
				GCC_C_LANGUAGE_STANDARD = gnu99;
				GCC_DYNAMIC_NO_PIC = NO;
				GCC_OPTIMIZATION_LEVEL = 0;
				GCC_PREPROCESSOR_DEFINITIONS = (
					"DEBUG=1",
					"$(inherited)",
				);
				GCC_SYMBOLS_PRIVATE_EXTERN = NO;
				GCC_WARN_64_TO_32_BIT_CONVERSION = YES;
				GCC_WARN_ABOUT_RETURN_TYPE = YES_ERROR;
				GCC_WARN_UNDECLARED_SELECTOR = YES;
				GCC_WARN_UNINITIALIZED_AUTOS = YES_AGGRESSIVE;
				GCC_WARN_UNUSED_FUNCTION = YES;
				GCC_WARN_UNUSED_VARIABLE = YES;
				MACOSX_DEPLOYMENT_TARGET = 10.10;
				MTL_ENABLE_DEBUG_INFO = YES;
				ONLY_ACTIVE_ARCH = YES;
				SDKROOT = macosx;
			};
			name = Debug;
		};
		840E83DD1AE2A32C0071FDFC /* Release */ = {
			isa = XCBuildConfiguration;
			buildSettings = {
				ALWAYS_SEARCH_USER_PATHS = NO;
				CLANG_CXX_LANGUAGE_STANDARD = "gnu++0x";
				CLANG_CXX_LIBRARY = "libc++";
				CLANG_ENABLE_MODULES = YES;
				CLANG_ENABLE_OBJC_ARC = YES;
				CLANG_WARN_BOOL_CONVERSION = YES;
				CLANG_WARN_CONSTANT_CONVERSION = YES;
				CLANG_WARN_DIRECT_OBJC_ISA_USAGE = YES_ERROR;
				CLANG_WARN_EMPTY_BODY = YES;
				CLANG_WARN_ENUM_CONVERSION = YES;
				CLANG_WARN_INT_CONVERSION = YES;
				CLANG_WARN_OBJC_ROOT_CLASS = YES_ERROR;
				CLANG_WARN_UNREACHABLE_CODE = YES;
				CLANG_WARN__DUPLICATE_METHOD_MATCH = YES;
				COPY_PHASE_STRIP = NO;
				DEBUG_INFORMATION_FORMAT = "dwarf-with-dsym";
				ENABLE_NS_ASSERTIONS = NO;
				ENABLE_STRICT_OBJC_MSGSEND = YES;
				GCC_C_LANGUAGE_STANDARD = gnu99;
				GCC_WARN_64_TO_32_BIT_CONVERSION = YES;
				GCC_WARN_ABOUT_RETURN_TYPE = YES_ERROR;
				GCC_WARN_UNDECLARED_SELECTOR = YES;
				GCC_WARN_UNINITIALIZED_AUTOS = YES_AGGRESSIVE;
				GCC_WARN_UNUSED_FUNCTION = YES;
				GCC_WARN_UNUSED_VARIABLE = YES;
				MACOSX_DEPLOYMENT_TARGET = 10.10;
				MTL_ENABLE_DEBUG_INFO = NO;
				SDKROOT = macosx;
			};
			name = Release;
		};
		840E83DF1AE2A32C0071FDFC /* Debug */ = {
			isa = XCBuildConfiguration;
			buildSettings = {
				PRODUCT_NAME = "$(TARGET_NAME)";
			};
			name = Debug;
		};
		840E83E01AE2A32C0071FDFC /* Release */ = {
			isa = XCBuildConfiguration;
			buildSettings = {
				PRODUCT_NAME = "$(TARGET_NAME)";
			};
			name = Release;
		};
/* End XCBuildConfiguration section */

/* Begin XCConfigurationList section */
		840E83D21AE2A32C0071FDFC /* Build configuration list for PBXProject "CG&V_LAB Draughts" */ = {
			isa = XCConfigurationList;
			buildConfigurations = (
				840E83DC1AE2A32C0071FDFC /* Debug */,
				840E83DD1AE2A32C0071FDFC /* Release */,
			);
			defaultConfigurationIsVisible = 0;
			defaultConfigurationName = Release;
		};
		840E83DE1AE2A32C0071FDFC /* Build configuration list for PBXNativeTarget "CG&V_LAB Draughts" */ = {
			isa = XCConfigurationList;
			buildConfigurations = (
				840E83DF1AE2A32C0071FDFC /* Debug */,
				840E83E01AE2A32C0071FDFC /* Release */,
			);
			defaultConfigurationIsVisible = 0;
		};
/* End XCConfigurationList section */
	};
	rootObject = 840E83CF1AE2A32C0071FDFC /* Project object */;
}
